// !$*UTF8*$!
{
	archiveVersion = 1;
	classes = {
	};
	objectVersion = 46;
	objects = {

/* Begin PBXBuildFile section */
		5BBAC9B346439C227412A452 /* libPods-GVDB.a in Frameworks */ = {isa = PBXBuildFile; fileRef = DAA1F4100B65F22D5D08E00A /* libPods-GVDB.a */; };
		987234331E1259AF004A4448 /* IMDeliveryViewController.m in Sources */ = {isa = PBXBuildFile; fileRef = 987234021E1259AF004A4448 /* IMDeliveryViewController.m */; };
		987234341E1259AF004A4448 /* IMFirstRunViewController.m in Sources */ = {isa = PBXBuildFile; fileRef = 987234071E1259AF004A4448 /* IMFirstRunViewController.m */; };
		987234351E1259AF004A4448 /* IMHomeSuperViewController.m in Sources */ = {isa = PBXBuildFile; fileRef = 9872340B1E1259AF004A4448 /* IMHomeSuperViewController.m */; };
		987234361E1259AF004A4448 /* IMSuperTableV.m in Sources */ = {isa = PBXBuildFile; fileRef = 9872340F1E1259AF004A4448 /* IMSuperTableV.m */; };
		987234371E1259AF004A4448 /* IMMyViewController.m in Sources */ = {isa = PBXBuildFile; fileRef = 987234131E1259AF004A4448 /* IMMyViewController.m */; };
		987234381E1259AF004A4448 /* IMNavigationVC.m in Sources */ = {isa = PBXBuildFile; fileRef = 987234181E1259AF004A4448 /* IMNavigationVC.m */; };
		987234391E1259AF004A4448 /* home_press@2x.png in Resources */ = {isa = PBXBuildFile; fileRef = 9872341B1E1259AF004A4448 /* home_press@2x.png */; };
		9872343A1E1259AF004A4448 /* home_up@2x.png in Resources */ = {isa = PBXBuildFile; fileRef = 9872341C1E1259AF004A4448 /* home_up@2x.png */; };
		9872343B1E1259AF004A4448 /* indent_down@2x.png in Resources */ = {isa = PBXBuildFile; fileRef = 9872341D1E1259AF004A4448 /* indent_down@2x.png */; };
		9872343C1E1259AF004A4448 /* indent_up@2x.png in Resources */ = {isa = PBXBuildFile; fileRef = 9872341E1E1259AF004A4448 /* indent_up@2x.png */; };
		9872343D1E1259AF004A4448 /* mine_down@2x.png in Resources */ = {isa = PBXBuildFile; fileRef = 9872341F1E1259AF004A4448 /* mine_down@2x.png */; };
		9872343E1E1259AF004A4448 /* mine_up@2x.png in Resources */ = {isa = PBXBuildFile; fileRef = 987234201E1259AF004A4448 /* mine_up@2x.png */; };
		9872343F1E1259AF004A4448 /* take_down@2x.png in Resources */ = {isa = PBXBuildFile; fileRef = 987234211E1259AF004A4448 /* take_down@2x.png */; };
		987234401E1259AF004A4448 /* take_up@2x.png in Resources */ = {isa = PBXBuildFile; fileRef = 987234221E1259AF004A4448 /* take_up@2x.png */; };
		987234411E1259AF004A4448 /* IMTabBarVC.m in Sources */ = {isa = PBXBuildFile; fileRef = 987234251E1259AF004A4448 /* IMTabBarVC.m */; };
		987234421E1259AF004A4448 /* IMOrderViewController.m in Sources */ = {isa = PBXBuildFile; fileRef = 987234291E1259AF004A4448 /* IMOrderViewController.m */; };
		987234431E1259AF004A4448 /* AppDelegate.m in Sources */ = {isa = PBXBuildFile; fileRef = 987234301E1259AF004A4448 /* AppDelegate.m */; };
		987234A51E126F5C004A4448 /* IMTopV.m in Sources */ = {isa = PBXBuildFile; fileRef = 987234A41E126F5C004A4448 /* IMTopV.m */; };
		9F38197044E652A4F8F433D8 /* libPods-GVDBTests.a in Frameworks */ = {isa = PBXBuildFile; fileRef = B1AFB68CE853AF62A0FED18A /* libPods-GVDBTests.a */; };
		AFCA7F0277A9B612A1C79C34 /* libPods-GVDBUITests.a in Frameworks */ = {isa = PBXBuildFile; fileRef = 6EA540362C06EDC1E52804F1 /* libPods-GVDBUITests.a */; };
		B54951941E114CE300DE0F6B /* main.m in Sources */ = {isa = PBXBuildFile; fileRef = B54951931E114CE300DE0F6B /* main.m */; };
		B549519D1E114CE300DE0F6B /* Main.storyboard in Resources */ = {isa = PBXBuildFile; fileRef = B549519B1E114CE300DE0F6B /* Main.storyboard */; };
		B549519F1E114CE300DE0F6B /* Assets.xcassets in Resources */ = {isa = PBXBuildFile; fileRef = B549519E1E114CE300DE0F6B /* Assets.xcassets */; };
		B54951A21E114CE300DE0F6B /* LaunchScreen.storyboard in Resources */ = {isa = PBXBuildFile; fileRef = B54951A01E114CE300DE0F6B /* LaunchScreen.storyboard */; };
		B54951AD1E114CE300DE0F6B /* GVDBTests.m in Sources */ = {isa = PBXBuildFile; fileRef = B54951AC1E114CE300DE0F6B /* GVDBTests.m */; };
		B54951B81E114CE300DE0F6B /* GVDBUITests.m in Sources */ = {isa = PBXBuildFile; fileRef = B54951B71E114CE300DE0F6B /* GVDBUITests.m */; };
		B58021901E12608C0048EEC1 /* GVAL.m in Sources */ = {isa = PBXBuildFile; fileRef = B58021891E12608C0048EEC1 /* GVAL.m */; };
		B58021911E12608C0048EEC1 /* GVColor.m in Sources */ = {isa = PBXBuildFile; fileRef = B580218B1E12608C0048EEC1 /* GVColor.m */; };
		B58021921E12608C0048EEC1 /* NetworkRequest.m in Sources */ = {isa = PBXBuildFile; fileRef = B580218D1E12608C0048EEC1 /* NetworkRequest.m */; };
		B58021931E12608C0048EEC1 /* UIView+GVExtension.m in Sources */ = {isa = PBXBuildFile; fileRef = B580218F1E12608C0048EEC1 /* UIView+GVExtension.m */; };
		B58021D81E126C860048EEC1 /* GVFindPasswordView.m in Sources */ = {isa = PBXBuildFile; fileRef = B58021BD1E126C860048EEC1 /* GVFindPasswordView.m */; };
		B58021D91E126C860048EEC1 /* GVFindPasswordViewController.m in Sources */ = {isa = PBXBuildFile; fileRef = B58021BF1E126C860048EEC1 /* GVFindPasswordViewController.m */; };
		B58021DA1E126C860048EEC1 /* GVMineChoiceBar.m in Sources */ = {isa = PBXBuildFile; fileRef = B58021C21E126C860048EEC1 /* GVMineChoiceBar.m */; };
		B58021DB1E126C860048EEC1 /* GVPass.m in Sources */ = {isa = PBXBuildFile; fileRef = B58021C41E126C860048EEC1 /* GVPass.m */; };
		B58021DC1E126C860048EEC1 /* GVTel.m in Sources */ = {isa = PBXBuildFile; fileRef = B58021C61E126C860048EEC1 /* GVTel.m */; };
		B58021DD1E126C860048EEC1 /* ViewController.m in Sources */ = {isa = PBXBuildFile; fileRef = B58021C81E126C860048EEC1 /* ViewController.m */; };
		B58021DE1E126C860048EEC1 /* 返回-3.png in Resources */ = {isa = PBXBuildFile; fileRef = B58021C91E126C860048EEC1 /* 返回-3.png */; };
		B58021DF1E126C860048EEC1 /* ResetView.m in Sources */ = {isa = PBXBuildFile; fileRef = B58021CC1E126C860048EEC1 /* ResetView.m */; };
		B58021E01E126C860048EEC1 /* ResetViewController.m in Sources */ = {isa = PBXBuildFile; fileRef = B58021CE1E126C860048EEC1 /* ResetViewController.m */; };
		B5F19E8C1E12A02B00CE2910 /* GVTableViewCell.m in Sources */ = {isa = PBXBuildFile; fileRef = B5F19E8B1E12A02B00CE2910 /* GVTableViewCell.m */; };
/* End PBXBuildFile section */

/* Begin PBXContainerItemProxy section */
		B54951A91E114CE300DE0F6B /* PBXContainerItemProxy */ = {
			isa = PBXContainerItemProxy;
			containerPortal = B54951871E114CE300DE0F6B /* Project object */;
			proxyType = 1;
			remoteGlobalIDString = B549518E1E114CE300DE0F6B;
			remoteInfo = GVDB;
		};
		B54951B41E114CE300DE0F6B /* PBXContainerItemProxy */ = {
			isa = PBXContainerItemProxy;
			containerPortal = B54951871E114CE300DE0F6B /* Project object */;
			proxyType = 1;
			remoteGlobalIDString = B549518E1E114CE300DE0F6B;
			remoteInfo = GVDB;
		};
/* End PBXContainerItemProxy section */

/* Begin PBXFileReference section */
		026C589B03BA9B5607076783 /* Pods-GVDBTests.debug.xcconfig */ = {isa = PBXFileReference; includeInIndex = 1; lastKnownFileType = text.xcconfig; name = "Pods-GVDBTests.debug.xcconfig"; path = "Pods/Target Support Files/Pods-GVDBTests/Pods-GVDBTests.debug.xcconfig"; sourceTree = "<group>"; };
		27E02A5C3583EF83802C70DC /* Pods-GVDBUITests.release.xcconfig */ = {isa = PBXFileReference; includeInIndex = 1; lastKnownFileType = text.xcconfig; name = "Pods-GVDBUITests.release.xcconfig"; path = "Pods/Target Support Files/Pods-GVDBUITests/Pods-GVDBUITests.release.xcconfig"; sourceTree = "<group>"; };
		49DF9B3C66120515D61075F4 /* Pods-GVDB.debug.xcconfig */ = {isa = PBXFileReference; includeInIndex = 1; lastKnownFileType = text.xcconfig; name = "Pods-GVDB.debug.xcconfig"; path = "Pods/Target Support Files/Pods-GVDB/Pods-GVDB.debug.xcconfig"; sourceTree = "<group>"; };
		527AE96236CED8D501777820 /* Pods-GVDBTests.release.xcconfig */ = {isa = PBXFileReference; includeInIndex = 1; lastKnownFileType = text.xcconfig; name = "Pods-GVDBTests.release.xcconfig"; path = "Pods/Target Support Files/Pods-GVDBTests/Pods-GVDBTests.release.xcconfig"; sourceTree = "<group>"; };
		6EA540362C06EDC1E52804F1 /* libPods-GVDBUITests.a */ = {isa = PBXFileReference; explicitFileType = archive.ar; includeInIndex = 0; path = "libPods-GVDBUITests.a"; sourceTree = BUILT_PRODUCTS_DIR; };
		8CF8A7864D89C2CF0348510B /* Pods-GVDB.release.xcconfig */ = {isa = PBXFileReference; includeInIndex = 1; lastKnownFileType = text.xcconfig; name = "Pods-GVDB.release.xcconfig"; path = "Pods/Target Support Files/Pods-GVDB/Pods-GVDB.release.xcconfig"; sourceTree = "<group>"; };
		987234011E1259AF004A4448 /* IMDeliveryViewController.h */ = {isa = PBXFileReference; fileEncoding = 4; lastKnownFileType = sourcecode.c.h; path = IMDeliveryViewController.h; sourceTree = "<group>"; };
		987234021E1259AF004A4448 /* IMDeliveryViewController.m */ = {isa = PBXFileReference; fileEncoding = 4; lastKnownFileType = sourcecode.c.objc; path = IMDeliveryViewController.m; sourceTree = "<group>"; };
		987234061E1259AF004A4448 /* IMFirstRunViewController.h */ = {isa = PBXFileReference; fileEncoding = 4; lastKnownFileType = sourcecode.c.h; path = IMFirstRunViewController.h; sourceTree = "<group>"; };
		987234071E1259AF004A4448 /* IMFirstRunViewController.m */ = {isa = PBXFileReference; fileEncoding = 4; lastKnownFileType = sourcecode.c.objc; path = IMFirstRunViewController.m; sourceTree = "<group>"; };
		9872340A1E1259AF004A4448 /* IMHomeSuperViewController.h */ = {isa = PBXFileReference; fileEncoding = 4; lastKnownFileType = sourcecode.c.h; path = IMHomeSuperViewController.h; sourceTree = "<group>"; };
		9872340B1E1259AF004A4448 /* IMHomeSuperViewController.m */ = {isa = PBXFileReference; fileEncoding = 4; lastKnownFileType = sourcecode.c.objc; path = IMHomeSuperViewController.m; sourceTree = "<group>"; };
		9872340E1E1259AF004A4448 /* IMSuperTableV.h */ = {isa = PBXFileReference; fileEncoding = 4; lastKnownFileType = sourcecode.c.h; path = IMSuperTableV.h; sourceTree = "<group>"; };
		9872340F1E1259AF004A4448 /* IMSuperTableV.m */ = {isa = PBXFileReference; fileEncoding = 4; lastKnownFileType = sourcecode.c.objc; path = IMSuperTableV.m; sourceTree = "<group>"; };
		987234121E1259AF004A4448 /* IMMyViewController.h */ = {isa = PBXFileReference; fileEncoding = 4; lastKnownFileType = sourcecode.c.h; path = IMMyViewController.h; sourceTree = "<group>"; };
		987234131E1259AF004A4448 /* IMMyViewController.m */ = {isa = PBXFileReference; fileEncoding = 4; lastKnownFileType = sourcecode.c.objc; path = IMMyViewController.m; sourceTree = "<group>"; };
		987234171E1259AF004A4448 /* IMNavigationVC.h */ = {isa = PBXFileReference; fileEncoding = 4; lastKnownFileType = sourcecode.c.h; path = IMNavigationVC.h; sourceTree = "<group>"; };
		987234181E1259AF004A4448 /* IMNavigationVC.m */ = {isa = PBXFileReference; fileEncoding = 4; lastKnownFileType = sourcecode.c.objc; path = IMNavigationVC.m; sourceTree = "<group>"; };
		9872341B1E1259AF004A4448 /* home_press@2x.png */ = {isa = PBXFileReference; lastKnownFileType = image.png; path = "home_press@2x.png"; sourceTree = "<group>"; };
		9872341C1E1259AF004A4448 /* home_up@2x.png */ = {isa = PBXFileReference; lastKnownFileType = image.png; path = "home_up@2x.png"; sourceTree = "<group>"; };
		9872341D1E1259AF004A4448 /* indent_down@2x.png */ = {isa = PBXFileReference; lastKnownFileType = image.png; path = "indent_down@2x.png"; sourceTree = "<group>"; };
		9872341E1E1259AF004A4448 /* indent_up@2x.png */ = {isa = PBXFileReference; lastKnownFileType = image.png; path = "indent_up@2x.png"; sourceTree = "<group>"; };
		9872341F1E1259AF004A4448 /* mine_down@2x.png */ = {isa = PBXFileReference; lastKnownFileType = image.png; path = "mine_down@2x.png"; sourceTree = "<group>"; };
		987234201E1259AF004A4448 /* mine_up@2x.png */ = {isa = PBXFileReference; lastKnownFileType = image.png; path = "mine_up@2x.png"; sourceTree = "<group>"; };
		987234211E1259AF004A4448 /* take_down@2x.png */ = {isa = PBXFileReference; lastKnownFileType = image.png; path = "take_down@2x.png"; sourceTree = "<group>"; };
		987234221E1259AF004A4448 /* take_up@2x.png */ = {isa = PBXFileReference; lastKnownFileType = image.png; path = "take_up@2x.png"; sourceTree = "<group>"; };
		987234241E1259AF004A4448 /* IMTabBarVC.h */ = {isa = PBXFileReference; fileEncoding = 4; lastKnownFileType = sourcecode.c.h; path = IMTabBarVC.h; sourceTree = "<group>"; };
		987234251E1259AF004A4448 /* IMTabBarVC.m */ = {isa = PBXFileReference; fileEncoding = 4; lastKnownFileType = sourcecode.c.objc; path = IMTabBarVC.m; sourceTree = "<group>"; };
		987234281E1259AF004A4448 /* IMOrderViewController.h */ = {isa = PBXFileReference; fileEncoding = 4; lastKnownFileType = sourcecode.c.h; path = IMOrderViewController.h; sourceTree = "<group>"; };
		987234291E1259AF004A4448 /* IMOrderViewController.m */ = {isa = PBXFileReference; fileEncoding = 4; lastKnownFileType = sourcecode.c.objc; path = IMOrderViewController.m; sourceTree = "<group>"; };
		9872342D1E1259AF004A4448 /* PrefixHeader.pch */ = {isa = PBXFileReference; fileEncoding = 4; lastKnownFileType = sourcecode.c.h; path = PrefixHeader.pch; sourceTree = "<group>"; };
		9872342F1E1259AF004A4448 /* AppDelegate.h */ = {isa = PBXFileReference; fileEncoding = 4; lastKnownFileType = sourcecode.c.h; path = AppDelegate.h; sourceTree = "<group>"; };
		987234301E1259AF004A4448 /* AppDelegate.m */ = {isa = PBXFileReference; fileEncoding = 4; lastKnownFileType = sourcecode.c.objc; path = AppDelegate.m; sourceTree = "<group>"; };
		987234A31E126F5C004A4448 /* IMTopV.h */ = {isa = PBXFileReference; fileEncoding = 4; lastKnownFileType = sourcecode.c.h; path = IMTopV.h; sourceTree = "<group>"; };
		987234A41E126F5C004A4448 /* IMTopV.m */ = {isa = PBXFileReference; fileEncoding = 4; lastKnownFileType = sourcecode.c.objc; path = IMTopV.m; sourceTree = "<group>"; };
		B1AFB68CE853AF62A0FED18A /* libPods-GVDBTests.a */ = {isa = PBXFileReference; explicitFileType = archive.ar; includeInIndex = 0; path = "libPods-GVDBTests.a"; sourceTree = BUILT_PRODUCTS_DIR; };
		B549518F1E114CE300DE0F6B /* GVDB.app */ = {isa = PBXFileReference; explicitFileType = wrapper.application; includeInIndex = 0; path = GVDB.app; sourceTree = BUILT_PRODUCTS_DIR; };
		B54951931E114CE300DE0F6B /* main.m */ = {isa = PBXFileReference; lastKnownFileType = sourcecode.c.objc; path = main.m; sourceTree = "<group>"; };
		B549519C1E114CE300DE0F6B /* Base */ = {isa = PBXFileReference; lastKnownFileType = file.storyboard; name = Base; path = Base.lproj/Main.storyboard; sourceTree = "<group>"; };
		B549519E1E114CE300DE0F6B /* Assets.xcassets */ = {isa = PBXFileReference; lastKnownFileType = folder.assetcatalog; path = Assets.xcassets; sourceTree = "<group>"; };
		B54951A11E114CE300DE0F6B /* Base */ = {isa = PBXFileReference; lastKnownFileType = file.storyboard; name = Base; path = Base.lproj/LaunchScreen.storyboard; sourceTree = "<group>"; };
		B54951A31E114CE300DE0F6B /* Info.plist */ = {isa = PBXFileReference; lastKnownFileType = text.plist.xml; path = Info.plist; sourceTree = "<group>"; };
		B54951A81E114CE300DE0F6B /* GVDBTests.xctest */ = {isa = PBXFileReference; explicitFileType = wrapper.cfbundle; includeInIndex = 0; path = GVDBTests.xctest; sourceTree = BUILT_PRODUCTS_DIR; };
		B54951AC1E114CE300DE0F6B /* GVDBTests.m */ = {isa = PBXFileReference; lastKnownFileType = sourcecode.c.objc; path = GVDBTests.m; sourceTree = "<group>"; };
		B54951AE1E114CE300DE0F6B /* Info.plist */ = {isa = PBXFileReference; lastKnownFileType = text.plist.xml; path = Info.plist; sourceTree = "<group>"; };
		B54951B31E114CE300DE0F6B /* GVDBUITests.xctest */ = {isa = PBXFileReference; explicitFileType = wrapper.cfbundle; includeInIndex = 0; path = GVDBUITests.xctest; sourceTree = BUILT_PRODUCTS_DIR; };
		B54951B71E114CE300DE0F6B /* GVDBUITests.m */ = {isa = PBXFileReference; lastKnownFileType = sourcecode.c.objc; path = GVDBUITests.m; sourceTree = "<group>"; };
		B54951B91E114CE300DE0F6B /* Info.plist */ = {isa = PBXFileReference; lastKnownFileType = text.plist.xml; path = Info.plist; sourceTree = "<group>"; };
		B58021881E12608C0048EEC1 /* GVAL.h */ = {isa = PBXFileReference; fileEncoding = 4; lastKnownFileType = sourcecode.c.h; path = GVAL.h; sourceTree = "<group>"; };
		B58021891E12608C0048EEC1 /* GVAL.m */ = {isa = PBXFileReference; fileEncoding = 4; lastKnownFileType = sourcecode.c.objc; path = GVAL.m; sourceTree = "<group>"; };
		B580218A1E12608C0048EEC1 /* GVColor.h */ = {isa = PBXFileReference; fileEncoding = 4; lastKnownFileType = sourcecode.c.h; path = GVColor.h; sourceTree = "<group>"; };
		B580218B1E12608C0048EEC1 /* GVColor.m */ = {isa = PBXFileReference; fileEncoding = 4; lastKnownFileType = sourcecode.c.objc; path = GVColor.m; sourceTree = "<group>"; };
		B580218C1E12608C0048EEC1 /* NetworkRequest.h */ = {isa = PBXFileReference; fileEncoding = 4; lastKnownFileType = sourcecode.c.h; path = NetworkRequest.h; sourceTree = "<group>"; };
		B580218D1E12608C0048EEC1 /* NetworkRequest.m */ = {isa = PBXFileReference; fileEncoding = 4; lastKnownFileType = sourcecode.c.objc; path = NetworkRequest.m; sourceTree = "<group>"; };
		B580218E1E12608C0048EEC1 /* UIView+GVExtension.h */ = {isa = PBXFileReference; fileEncoding = 4; lastKnownFileType = sourcecode.c.h; path = "UIView+GVExtension.h"; sourceTree = "<group>"; };
		B580218F1E12608C0048EEC1 /* UIView+GVExtension.m */ = {isa = PBXFileReference; fileEncoding = 4; lastKnownFileType = sourcecode.c.objc; path = "UIView+GVExtension.m"; sourceTree = "<group>"; };
		B58021BC1E126C860048EEC1 /* GVFindPasswordView.h */ = {isa = PBXFileReference; fileEncoding = 4; lastKnownFileType = sourcecode.c.h; path = GVFindPasswordView.h; sourceTree = "<group>"; };
		B58021BD1E126C860048EEC1 /* GVFindPasswordView.m */ = {isa = PBXFileReference; fileEncoding = 4; lastKnownFileType = sourcecode.c.objc; path = GVFindPasswordView.m; sourceTree = "<group>"; };
		B58021BE1E126C860048EEC1 /* GVFindPasswordViewController.h */ = {isa = PBXFileReference; fileEncoding = 4; lastKnownFileType = sourcecode.c.h; path = GVFindPasswordViewController.h; sourceTree = "<group>"; };
		B58021BF1E126C860048EEC1 /* GVFindPasswordViewController.m */ = {isa = PBXFileReference; fileEncoding = 4; lastKnownFileType = sourcecode.c.objc; path = GVFindPasswordViewController.m; sourceTree = "<group>"; };
		B58021C11E126C860048EEC1 /* GVMineChoiceBar.h */ = {isa = PBXFileReference; fileEncoding = 4; lastKnownFileType = sourcecode.c.h; path = GVMineChoiceBar.h; sourceTree = "<group>"; };
		B58021C21E126C860048EEC1 /* GVMineChoiceBar.m */ = {isa = PBXFileReference; fileEncoding = 4; lastKnownFileType = sourcecode.c.objc; path = GVMineChoiceBar.m; sourceTree = "<group>"; };
		B58021C31E126C860048EEC1 /* GVPass.h */ = {isa = PBXFileReference; fileEncoding = 4; lastKnownFileType = sourcecode.c.h; path = GVPass.h; sourceTree = "<group>"; };
		B58021C41E126C860048EEC1 /* GVPass.m */ = {isa = PBXFileReference; fileEncoding = 4; lastKnownFileType = sourcecode.c.objc; path = GVPass.m; sourceTree = "<group>"; };
		B58021C51E126C860048EEC1 /* GVTel.h */ = {isa = PBXFileReference; fileEncoding = 4; lastKnownFileType = sourcecode.c.h; path = GVTel.h; sourceTree = "<group>"; };
		B58021C61E126C860048EEC1 /* GVTel.m */ = {isa = PBXFileReference; fileEncoding = 4; lastKnownFileType = sourcecode.c.objc; path = GVTel.m; sourceTree = "<group>"; };
		B58021C71E126C860048EEC1 /* ViewController.h */ = {isa = PBXFileReference; fileEncoding = 4; lastKnownFileType = sourcecode.c.h; path = ViewController.h; sourceTree = "<group>"; };
		B58021C81E126C860048EEC1 /* ViewController.m */ = {isa = PBXFileReference; fileEncoding = 4; lastKnownFileType = sourcecode.c.objc; path = ViewController.m; sourceTree = "<group>"; };
		B58021C91E126C860048EEC1 /* 返回-3.png */ = {isa = PBXFileReference; lastKnownFileType = image.png; path = "返回-3.png"; sourceTree = "<group>"; };
		B58021CB1E126C860048EEC1 /* ResetView.h */ = {isa = PBXFileReference; fileEncoding = 4; lastKnownFileType = sourcecode.c.h; path = ResetView.h; sourceTree = "<group>"; };
		B58021CC1E126C860048EEC1 /* ResetView.m */ = {isa = PBXFileReference; fileEncoding = 4; lastKnownFileType = sourcecode.c.objc; path = ResetView.m; sourceTree = "<group>"; };
		B58021CD1E126C860048EEC1 /* ResetViewController.h */ = {isa = PBXFileReference; fileEncoding = 4; lastKnownFileType = sourcecode.c.h; path = ResetViewController.h; sourceTree = "<group>"; };
		B58021CE1E126C860048EEC1 /* ResetViewController.m */ = {isa = PBXFileReference; fileEncoding = 4; lastKnownFileType = sourcecode.c.objc; path = ResetViewController.m; sourceTree = "<group>"; };
		B5F19E8A1E12A02B00CE2910 /* GVTableViewCell.h */ = {isa = PBXFileReference; fileEncoding = 4; lastKnownFileType = sourcecode.c.h; path = GVTableViewCell.h; sourceTree = "<group>"; };
		B5F19E8B1E12A02B00CE2910 /* GVTableViewCell.m */ = {isa = PBXFileReference; fileEncoding = 4; lastKnownFileType = sourcecode.c.objc; path = GVTableViewCell.m; sourceTree = "<group>"; };
		D61814A8F4B98191D8F9593E /* Pods-GVDBUITests.debug.xcconfig */ = {isa = PBXFileReference; includeInIndex = 1; lastKnownFileType = text.xcconfig; name = "Pods-GVDBUITests.debug.xcconfig"; path = "Pods/Target Support Files/Pods-GVDBUITests/Pods-GVDBUITests.debug.xcconfig"; sourceTree = "<group>"; };
		DAA1F4100B65F22D5D08E00A /* libPods-GVDB.a */ = {isa = PBXFileReference; explicitFileType = archive.ar; includeInIndex = 0; path = "libPods-GVDB.a"; sourceTree = BUILT_PRODUCTS_DIR; };
/* End PBXFileReference section */

/* Begin PBXFrameworksBuildPhase section */
		B549518C1E114CE300DE0F6B /* Frameworks */ = {
			isa = PBXFrameworksBuildPhase;
			buildActionMask = 2147483647;
			files = (
				5BBAC9B346439C227412A452 /* libPods-GVDB.a in Frameworks */,
			);
			runOnlyForDeploymentPostprocessing = 0;
		};
		B54951A51E114CE300DE0F6B /* Frameworks */ = {
			isa = PBXFrameworksBuildPhase;
			buildActionMask = 2147483647;
			files = (
				9F38197044E652A4F8F433D8 /* libPods-GVDBTests.a in Frameworks */,
			);
			runOnlyForDeploymentPostprocessing = 0;
		};
		B54951B01E114CE300DE0F6B /* Frameworks */ = {
			isa = PBXFrameworksBuildPhase;
			buildActionMask = 2147483647;
			files = (
				AFCA7F0277A9B612A1C79C34 /* libPods-GVDBUITests.a in Frameworks */,
			);
			runOnlyForDeploymentPostprocessing = 0;
		};
/* End PBXFrameworksBuildPhase section */

/* Begin PBXGroup section */
		303E528D6055D7100D29EDD1 /* Pods */ = {
			isa = PBXGroup;
			children = (
				49DF9B3C66120515D61075F4 /* Pods-GVDB.debug.xcconfig */,
				8CF8A7864D89C2CF0348510B /* Pods-GVDB.release.xcconfig */,
				026C589B03BA9B5607076783 /* Pods-GVDBTests.debug.xcconfig */,
				527AE96236CED8D501777820 /* Pods-GVDBTests.release.xcconfig */,
				D61814A8F4B98191D8F9593E /* Pods-GVDBUITests.debug.xcconfig */,
				27E02A5C3583EF83802C70DC /* Pods-GVDBUITests.release.xcconfig */,
			);
			name = Pods;
			sourceTree = "<group>";
		};
		45573FE44B75D52BF79ADE20 /* Frameworks */ = {
			isa = PBXGroup;
			children = (
				DAA1F4100B65F22D5D08E00A /* libPods-GVDB.a */,
				B1AFB68CE853AF62A0FED18A /* libPods-GVDBTests.a */,
				6EA540362C06EDC1E52804F1 /* libPods-GVDBUITests.a */,
			);
			name = Frameworks;
			sourceTree = "<group>";
		};
		987233FE1E1259AF004A4448 /* Main */ = {
			isa = PBXGroup;
			children = (
				987233FF1E1259AF004A4448 /* Delivery page */,
				987234051E1259AF004A4448 /* FirstRun */,
				987234081E1259AF004A4448 /* Home page */,
				987234101E1259AF004A4448 /* My page */,
				987234161E1259AF004A4448 /* Navigation */,
				987234191E1259AF004A4448 /* Pto */,
				987234231E1259AF004A4448 /* tabBar */,
				987234261E1259AF004A4448 /* The order page */,
				9872342C1E1259AF004A4448 /* 宏 */,
			);
			path = Main;
			sourceTree = "<group>";
		};
		987233FF1E1259AF004A4448 /* Delivery page */ = {
			isa = PBXGroup;
			children = (
				987234001E1259AF004A4448 /* C */,
				987234031E1259AF004A4448 /* M */,
				987234041E1259AF004A4448 /* V */,
			);
			path = "Delivery page";
			sourceTree = "<group>";
		};
		987234001E1259AF004A4448 /* C */ = {
			isa = PBXGroup;
			children = (
				987234011E1259AF004A4448 /* IMDeliveryViewController.h */,
				987234021E1259AF004A4448 /* IMDeliveryViewController.m */,
			);
			path = C;
			sourceTree = "<group>";
		};
		987234031E1259AF004A4448 /* M */ = {
			isa = PBXGroup;
			children = (
			);
			path = M;
			sourceTree = "<group>";
		};
		987234041E1259AF004A4448 /* V */ = {
			isa = PBXGroup;
			children = (
			);
			path = V;
			sourceTree = "<group>";
		};
		987234051E1259AF004A4448 /* FirstRun */ = {
			isa = PBXGroup;
			children = (
				987234061E1259AF004A4448 /* IMFirstRunViewController.h */,
				987234071E1259AF004A4448 /* IMFirstRunViewController.m */,
			);
			path = FirstRun;
			sourceTree = "<group>";
		};
		987234081E1259AF004A4448 /* Home page */ = {
			isa = PBXGroup;
			children = (
				987234091E1259AF004A4448 /* C */,
				9872340C1E1259AF004A4448 /* M */,
				9872340D1E1259AF004A4448 /* V */,
			);
			path = "Home page";
			sourceTree = "<group>";
		};
		987234091E1259AF004A4448 /* C */ = {
			isa = PBXGroup;
			children = (
				9872340A1E1259AF004A4448 /* IMHomeSuperViewController.h */,
				9872340B1E1259AF004A4448 /* IMHomeSuperViewController.m */,
			);
			path = C;
			sourceTree = "<group>";
		};
		9872340C1E1259AF004A4448 /* M */ = {
			isa = PBXGroup;
			children = (
			);
			path = M;
			sourceTree = "<group>";
		};
		9872340D1E1259AF004A4448 /* V */ = {
			isa = PBXGroup;
			children = (
				9872340E1E1259AF004A4448 /* IMSuperTableV.h */,
				9872340F1E1259AF004A4448 /* IMSuperTableV.m */,
				987234A31E126F5C004A4448 /* IMTopV.h */,
				987234A41E126F5C004A4448 /* IMTopV.m */,
			);
			path = V;
			sourceTree = "<group>";
		};
		987234101E1259AF004A4448 /* My page */ = {
			isa = PBXGroup;
			children = (
				987234111E1259AF004A4448 /* C */,
				987234141E1259AF004A4448 /* M */,
				987234151E1259AF004A4448 /* V */,
			);
			path = "My page";
			sourceTree = "<group>";
		};
		987234111E1259AF004A4448 /* C */ = {
			isa = PBXGroup;
			children = (
				987234121E1259AF004A4448 /* IMMyViewController.h */,
				987234131E1259AF004A4448 /* IMMyViewController.m */,
			);
			path = C;
			sourceTree = "<group>";
		};
		987234141E1259AF004A4448 /* M */ = {
			isa = PBXGroup;
			children = (
			);
			path = M;
			sourceTree = "<group>";
		};
		987234151E1259AF004A4448 /* V */ = {
			isa = PBXGroup;
			children = (
			);
			path = V;
			sourceTree = "<group>";
		};
		987234161E1259AF004A4448 /* Navigation */ = {
			isa = PBXGroup;
			children = (
				987234171E1259AF004A4448 /* IMNavigationVC.h */,
				987234181E1259AF004A4448 /* IMNavigationVC.m */,
			);
			path = Navigation;
			sourceTree = "<group>";
		};
		987234191E1259AF004A4448 /* Pto */ = {
			isa = PBXGroup;
			children = (
				9872341A1E1259AF004A4448 /* One */,
			);
			path = Pto;
			sourceTree = "<group>";
		};
		9872341A1E1259AF004A4448 /* One */ = {
			isa = PBXGroup;
			children = (
				9872341B1E1259AF004A4448 /* home_press@2x.png */,
				9872341C1E1259AF004A4448 /* home_up@2x.png */,
				9872341D1E1259AF004A4448 /* indent_down@2x.png */,
				9872341E1E1259AF004A4448 /* indent_up@2x.png */,
				9872341F1E1259AF004A4448 /* mine_down@2x.png */,
				987234201E1259AF004A4448 /* mine_up@2x.png */,
				987234211E1259AF004A4448 /* take_down@2x.png */,
				987234221E1259AF004A4448 /* take_up@2x.png */,
			);
			path = One;
			sourceTree = "<group>";
		};
		987234231E1259AF004A4448 /* tabBar */ = {
			isa = PBXGroup;
			children = (
				987234241E1259AF004A4448 /* IMTabBarVC.h */,
				987234251E1259AF004A4448 /* IMTabBarVC.m */,
			);
			path = tabBar;
			sourceTree = "<group>";
		};
		987234261E1259AF004A4448 /* The order page */ = {
			isa = PBXGroup;
			children = (
				987234271E1259AF004A4448 /* C */,
				9872342A1E1259AF004A4448 /* M */,
				9872342B1E1259AF004A4448 /* V */,
			);
			path = "The order page";
			sourceTree = "<group>";
		};
		987234271E1259AF004A4448 /* C */ = {
			isa = PBXGroup;
			children = (
				987234281E1259AF004A4448 /* IMOrderViewController.h */,
				987234291E1259AF004A4448 /* IMOrderViewController.m */,
			);
			path = C;
			sourceTree = "<group>";
		};
		9872342A1E1259AF004A4448 /* M */ = {
			isa = PBXGroup;
			children = (
			);
			path = M;
			sourceTree = "<group>";
		};
		9872342B1E1259AF004A4448 /* V */ = {
			isa = PBXGroup;
			children = (
				B5F19E8A1E12A02B00CE2910 /* GVTableViewCell.h */,
				B5F19E8B1E12A02B00CE2910 /* GVTableViewCell.m */,
			);
			path = V;
			sourceTree = "<group>";
		};
		9872342C1E1259AF004A4448 /* 宏 */ = {
			isa = PBXGroup;
			children = (
				9872342D1E1259AF004A4448 /* PrefixHeader.pch */,
			);
			path = "宏";
			sourceTree = "<group>";
		};
		9872342E1E1259AF004A4448 /* Root */ = {
			isa = PBXGroup;
			children = (
				B58021BB1E126C860048EEC1 /* GVFindOassword */,
				B58021C01E126C860048EEC1 /* GVLog */,
				B58021CA1E126C860048EEC1 /* Reset */,
				9872342F1E1259AF004A4448 /* AppDelegate.h */,
				987234301E1259AF004A4448 /* AppDelegate.m */,
			);
			path = Root;
			sourceTree = "<group>";
		};
		B54951861E114CE300DE0F6B = {
			isa = PBXGroup;
			children = (
				B54951911E114CE300DE0F6B /* GVDB */,
				B54951AB1E114CE300DE0F6B /* GVDBTests */,
				B54951B61E114CE300DE0F6B /* GVDBUITests */,
				B54951901E114CE300DE0F6B /* Products */,
				303E528D6055D7100D29EDD1 /* Pods */,
				45573FE44B75D52BF79ADE20 /* Frameworks */,
			);
			sourceTree = "<group>";
		};
		B54951901E114CE300DE0F6B /* Products */ = {
			isa = PBXGroup;
			children = (
				B549518F1E114CE300DE0F6B /* GVDB.app */,
				B54951A81E114CE300DE0F6B /* GVDBTests.xctest */,
				B54951B31E114CE300DE0F6B /* GVDBUITests.xctest */,
			);
			name = Products;
			sourceTree = "<group>";
		};
		B54951911E114CE300DE0F6B /* GVDB */ = {
			isa = PBXGroup;
			children = (
				B58021871E12608C0048EEC1 /* Tool */,
				987233FE1E1259AF004A4448 /* Main */,
				9872342E1E1259AF004A4448 /* Root */,
				B549519B1E114CE300DE0F6B /* Main.storyboard */,
				B549519E1E114CE300DE0F6B /* Assets.xcassets */,
				B54951A01E114CE300DE0F6B /* LaunchScreen.storyboard */,
				B54951A31E114CE300DE0F6B /* Info.plist */,
				B54951921E114CE300DE0F6B /* Supporting Files */,
			);
			path = GVDB;
			sourceTree = "<group>";
		};
		B54951921E114CE300DE0F6B /* Supporting Files */ = {
			isa = PBXGroup;
			children = (
				B54951931E114CE300DE0F6B /* main.m */,
			);
			name = "Supporting Files";
			sourceTree = "<group>";
		};
		B54951AB1E114CE300DE0F6B /* GVDBTests */ = {
			isa = PBXGroup;
			children = (
				B54951AC1E114CE300DE0F6B /* GVDBTests.m */,
				B54951AE1E114CE300DE0F6B /* Info.plist */,
			);
			path = GVDBTests;
			sourceTree = "<group>";
		};
		B54951B61E114CE300DE0F6B /* GVDBUITests */ = {
			isa = PBXGroup;
			children = (
				B54951B71E114CE300DE0F6B /* GVDBUITests.m */,
				B54951B91E114CE300DE0F6B /* Info.plist */,
			);
			path = GVDBUITests;
			sourceTree = "<group>";
		};
		B58021871E12608C0048EEC1 /* Tool */ = {
			isa = PBXGroup;
			children = (
				B58021881E12608C0048EEC1 /* GVAL.h */,
				B58021891E12608C0048EEC1 /* GVAL.m */,
				B580218A1E12608C0048EEC1 /* GVColor.h */,
				B580218B1E12608C0048EEC1 /* GVColor.m */,
				B580218C1E12608C0048EEC1 /* NetworkRequest.h */,
				B580218D1E12608C0048EEC1 /* NetworkRequest.m */,
				B580218E1E12608C0048EEC1 /* UIView+GVExtension.h */,
				B580218F1E12608C0048EEC1 /* UIView+GVExtension.m */,
			);
			path = Tool;
			sourceTree = "<group>";
		};
		B58021BB1E126C860048EEC1 /* GVFindOassword */ = {
			isa = PBXGroup;
			children = (
				B58021BC1E126C860048EEC1 /* GVFindPasswordView.h */,
				B58021BD1E126C860048EEC1 /* GVFindPasswordView.m */,
				B58021BE1E126C860048EEC1 /* GVFindPasswordViewController.h */,
				B58021BF1E126C860048EEC1 /* GVFindPasswordViewController.m */,
			);
			path = GVFindOassword;
			sourceTree = "<group>";
		};
		B58021C01E126C860048EEC1 /* GVLog */ = {
			isa = PBXGroup;
			children = (
				B58021C11E126C860048EEC1 /* GVMineChoiceBar.h */,
				B58021C21E126C860048EEC1 /* GVMineChoiceBar.m */,
				B58021C31E126C860048EEC1 /* GVPass.h */,
				B58021C41E126C860048EEC1 /* GVPass.m */,
				B58021C51E126C860048EEC1 /* GVTel.h */,
				B58021C61E126C860048EEC1 /* GVTel.m */,
				B58021C71E126C860048EEC1 /* ViewController.h */,
				B58021C81E126C860048EEC1 /* ViewController.m */,
				B58021C91E126C860048EEC1 /* 返回-3.png */,
			);
			path = GVLog;
			sourceTree = "<group>";
		};
		B58021CA1E126C860048EEC1 /* Reset */ = {
			isa = PBXGroup;
			children = (
				B58021CB1E126C860048EEC1 /* ResetView.h */,
				B58021CC1E126C860048EEC1 /* ResetView.m */,
				B58021CD1E126C860048EEC1 /* ResetViewController.h */,
				B58021CE1E126C860048EEC1 /* ResetViewController.m */,
			);
			path = Reset;
			sourceTree = "<group>";
		};
/* End PBXGroup section */

/* Begin PBXNativeTarget section */
		B549518E1E114CE300DE0F6B /* GVDB */ = {
			isa = PBXNativeTarget;
			buildConfigurationList = B54951BC1E114CE300DE0F6B /* Build configuration list for PBXNativeTarget "GVDB" */;
			buildPhases = (
				B40A3BA12AFCC788024BA0F8 /* [CP] Check Pods Manifest.lock */,
				B549518B1E114CE300DE0F6B /* Sources */,
				B549518C1E114CE300DE0F6B /* Frameworks */,
				B549518D1E114CE300DE0F6B /* Resources */,
				C0FB71E74141661282A10CA0 /* [CP] Embed Pods Frameworks */,
				45C73186637A936B80C9AFD7 /* [CP] Copy Pods Resources */,
			);
			buildRules = (
			);
			dependencies = (
			);
			name = GVDB;
			productName = GVDB;
			productReference = B549518F1E114CE300DE0F6B /* GVDB.app */;
			productType = "com.apple.product-type.application";
		};
		B54951A71E114CE300DE0F6B /* GVDBTests */ = {
			isa = PBXNativeTarget;
			buildConfigurationList = B54951BF1E114CE300DE0F6B /* Build configuration list for PBXNativeTarget "GVDBTests" */;
			buildPhases = (
				0F237DACB8461DFF09E9B8F7 /* [CP] Check Pods Manifest.lock */,
				B54951A41E114CE300DE0F6B /* Sources */,
				B54951A51E114CE300DE0F6B /* Frameworks */,
				B54951A61E114CE300DE0F6B /* Resources */,
				7597320C8005CD9498686BDF /* [CP] Embed Pods Frameworks */,
				A98FEF1BFD433F8746B27C59 /* [CP] Copy Pods Resources */,
			);
			buildRules = (
			);
			dependencies = (
				B54951AA1E114CE300DE0F6B /* PBXTargetDependency */,
			);
			name = GVDBTests;
			productName = GVDBTests;
			productReference = B54951A81E114CE300DE0F6B /* GVDBTests.xctest */;
			productType = "com.apple.product-type.bundle.unit-test";
		};
		B54951B21E114CE300DE0F6B /* GVDBUITests */ = {
			isa = PBXNativeTarget;
			buildConfigurationList = B54951C21E114CE300DE0F6B /* Build configuration list for PBXNativeTarget "GVDBUITests" */;
			buildPhases = (
				F6BBB70F41FE5B339DF25AFF /* [CP] Check Pods Manifest.lock */,
				B54951AF1E114CE300DE0F6B /* Sources */,
				B54951B01E114CE300DE0F6B /* Frameworks */,
				B54951B11E114CE300DE0F6B /* Resources */,
				4BCC11FB45F1D98AFA5D0F62 /* [CP] Embed Pods Frameworks */,
				644464B5742A1230FC49CA5F /* [CP] Copy Pods Resources */,
			);
			buildRules = (
			);
			dependencies = (
				B54951B51E114CE300DE0F6B /* PBXTargetDependency */,
			);
			name = GVDBUITests;
			productName = GVDBUITests;
			productReference = B54951B31E114CE300DE0F6B /* GVDBUITests.xctest */;
			productType = "com.apple.product-type.bundle.ui-testing";
		};
/* End PBXNativeTarget section */

/* Begin PBXProject section */
		B54951871E114CE300DE0F6B /* Project object */ = {
			isa = PBXProject;
			attributes = {
				LastUpgradeCheck = 0820;
				ORGANIZATIONNAME = Viosky;
				TargetAttributes = {
					B549518E1E114CE300DE0F6B = {
						CreatedOnToolsVersion = 8.2.1;
						DevelopmentTeam = J396HKG633;
						ProvisioningStyle = Automatic;
					};
					B54951A71E114CE300DE0F6B = {
						CreatedOnToolsVersion = 8.2.1;
						DevelopmentTeam = J396HKG633;
						ProvisioningStyle = Automatic;
						TestTargetID = B549518E1E114CE300DE0F6B;
					};
					B54951B21E114CE300DE0F6B = {
						CreatedOnToolsVersion = 8.2.1;
						DevelopmentTeam = J396HKG633;
						ProvisioningStyle = Automatic;
						TestTargetID = B549518E1E114CE300DE0F6B;
					};
				};
			};
			buildConfigurationList = B549518A1E114CE300DE0F6B /* Build configuration list for PBXProject "GVDB" */;
			compatibilityVersion = "Xcode 3.2";
			developmentRegion = English;
			hasScannedForEncodings = 0;
			knownRegions = (
				en,
				Base,
			);
			mainGroup = B54951861E114CE300DE0F6B;
			productRefGroup = B54951901E114CE300DE0F6B /* Products */;
			projectDirPath = "";
			projectRoot = "";
			targets = (
				B549518E1E114CE300DE0F6B /* GVDB */,
				B54951A71E114CE300DE0F6B /* GVDBTests */,
				B54951B21E114CE300DE0F6B /* GVDBUITests */,
			);
		};
/* End PBXProject section */

/* Begin PBXResourcesBuildPhase section */
		B549518D1E114CE300DE0F6B /* Resources */ = {
			isa = PBXResourcesBuildPhase;
			buildActionMask = 2147483647;
			files = (
				B54951A21E114CE300DE0F6B /* LaunchScreen.storyboard in Resources */,
				B58021DE1E126C860048EEC1 /* 返回-3.png in Resources */,
				B549519F1E114CE300DE0F6B /* Assets.xcassets in Resources */,
				B549519D1E114CE300DE0F6B /* Main.storyboard in Resources */,
				9872343C1E1259AF004A4448 /* indent_up@2x.png in Resources */,
				987234401E1259AF004A4448 /* take_up@2x.png in Resources */,
				987234391E1259AF004A4448 /* home_press@2x.png in Resources */,
				9872343D1E1259AF004A4448 /* mine_down@2x.png in Resources */,
				9872343E1E1259AF004A4448 /* mine_up@2x.png in Resources */,
				9872343F1E1259AF004A4448 /* take_down@2x.png in Resources */,
				9872343B1E1259AF004A4448 /* indent_down@2x.png in Resources */,
				9872343A1E1259AF004A4448 /* home_up@2x.png in Resources */,
			);
			runOnlyForDeploymentPostprocessing = 0;
		};
		B54951A61E114CE300DE0F6B /* Resources */ = {
			isa = PBXResourcesBuildPhase;
			buildActionMask = 2147483647;
			files = (
			);
			runOnlyForDeploymentPostprocessing = 0;
		};
		B54951B11E114CE300DE0F6B /* Resources */ = {
			isa = PBXResourcesBuildPhase;
			buildActionMask = 2147483647;
			files = (
			);
			runOnlyForDeploymentPostprocessing = 0;
		};
/* End PBXResourcesBuildPhase section */

/* Begin PBXShellScriptBuildPhase section */
		0F237DACB8461DFF09E9B8F7 /* [CP] Check Pods Manifest.lock */ = {
			isa = PBXShellScriptBuildPhase;
			buildActionMask = 2147483647;
			files = (
			);
			inputPaths = (
			);
			name = "[CP] Check Pods Manifest.lock";
			outputPaths = (
			);
			runOnlyForDeploymentPostprocessing = 0;
			shellPath = /bin/sh;
			shellScript = "diff \"${PODS_ROOT}/../Podfile.lock\" \"${PODS_ROOT}/Manifest.lock\" > /dev/null\nif [ $? != 0 ] ; then\n    # print error to STDERR\n    echo \"error: The sandbox is not in sync with the Podfile.lock. Run 'pod install' or update your CocoaPods installation.\" >&2\n    exit 1\nfi\n";
			showEnvVarsInLog = 0;
		};
		45C73186637A936B80C9AFD7 /* [CP] Copy Pods Resources */ = {
			isa = PBXShellScriptBuildPhase;
			buildActionMask = 2147483647;
			files = (
			);
			inputPaths = (
			);
			name = "[CP] Copy Pods Resources";
			outputPaths = (
			);
			runOnlyForDeploymentPostprocessing = 0;
			shellPath = /bin/sh;
			shellScript = "\"${SRCROOT}/Pods/Target Support Files/Pods-GVDB/Pods-GVDB-resources.sh\"\n";
			showEnvVarsInLog = 0;
		};
		4BCC11FB45F1D98AFA5D0F62 /* [CP] Embed Pods Frameworks */ = {
			isa = PBXShellScriptBuildPhase;
			buildActionMask = 2147483647;
			files = (
			);
			inputPaths = (
			);
			name = "[CP] Embed Pods Frameworks";
			outputPaths = (
			);
			runOnlyForDeploymentPostprocessing = 0;
			shellPath = /bin/sh;
			shellScript = "\"${SRCROOT}/Pods/Target Support Files/Pods-GVDBUITests/Pods-GVDBUITests-frameworks.sh\"\n";
			showEnvVarsInLog = 0;
		};
		644464B5742A1230FC49CA5F /* [CP] Copy Pods Resources */ = {
			isa = PBXShellScriptBuildPhase;
			buildActionMask = 2147483647;
			files = (
			);
			inputPaths = (
			);
			name = "[CP] Copy Pods Resources";
			outputPaths = (
			);
			runOnlyForDeploymentPostprocessing = 0;
			shellPath = /bin/sh;
			shellScript = "\"${SRCROOT}/Pods/Target Support Files/Pods-GVDBUITests/Pods-GVDBUITests-resources.sh\"\n";
			showEnvVarsInLog = 0;
		};
		7597320C8005CD9498686BDF /* [CP] Embed Pods Frameworks */ = {
			isa = PBXShellScriptBuildPhase;
			buildActionMask = 2147483647;
			files = (
			);
			inputPaths = (
			);
			name = "[CP] Embed Pods Frameworks";
			outputPaths = (
			);
			runOnlyForDeploymentPostprocessing = 0;
			shellPath = /bin/sh;
			shellScript = "\"${SRCROOT}/Pods/Target Support Files/Pods-GVDBTests/Pods-GVDBTests-frameworks.sh\"\n";
			showEnvVarsInLog = 0;
		};
		A98FEF1BFD433F8746B27C59 /* [CP] Copy Pods Resources */ = {
			isa = PBXShellScriptBuildPhase;
			buildActionMask = 2147483647;
			files = (
			);
			inputPaths = (
			);
			name = "[CP] Copy Pods Resources";
			outputPaths = (
			);
			runOnlyForDeploymentPostprocessing = 0;
			shellPath = /bin/sh;
			shellScript = "\"${SRCROOT}/Pods/Target Support Files/Pods-GVDBTests/Pods-GVDBTests-resources.sh\"\n";
			showEnvVarsInLog = 0;
		};
		B40A3BA12AFCC788024BA0F8 /* [CP] Check Pods Manifest.lock */ = {
			isa = PBXShellScriptBuildPhase;
			buildActionMask = 2147483647;
			files = (
			);
			inputPaths = (
			);
			name = "[CP] Check Pods Manifest.lock";
			outputPaths = (
			);
			runOnlyForDeploymentPostprocessing = 0;
			shellPath = /bin/sh;
			shellScript = "diff \"${PODS_ROOT}/../Podfile.lock\" \"${PODS_ROOT}/Manifest.lock\" > /dev/null\nif [ $? != 0 ] ; then\n    # print error to STDERR\n    echo \"error: The sandbox is not in sync with the Podfile.lock. Run 'pod install' or update your CocoaPods installation.\" >&2\n    exit 1\nfi\n";
			showEnvVarsInLog = 0;
		};
		C0FB71E74141661282A10CA0 /* [CP] Embed Pods Frameworks */ = {
			isa = PBXShellScriptBuildPhase;
			buildActionMask = 2147483647;
			files = (
			);
			inputPaths = (
			);
			name = "[CP] Embed Pods Frameworks";
			outputPaths = (
			);
			runOnlyForDeploymentPostprocessing = 0;
			shellPath = /bin/sh;
			shellScript = "\"${SRCROOT}/Pods/Target Support Files/Pods-GVDB/Pods-GVDB-frameworks.sh\"\n";
			showEnvVarsInLog = 0;
		};
		F6BBB70F41FE5B339DF25AFF /* [CP] Check Pods Manifest.lock */ = {
			isa = PBXShellScriptBuildPhase;
			buildActionMask = 2147483647;
			files = (
			);
			inputPaths = (
			);
			name = "[CP] Check Pods Manifest.lock";
			outputPaths = (
			);
			runOnlyForDeploymentPostprocessing = 0;
			shellPath = /bin/sh;
			shellScript = "diff \"${PODS_ROOT}/../Podfile.lock\" \"${PODS_ROOT}/Manifest.lock\" > /dev/null\nif [ $? != 0 ] ; then\n    # print error to STDERR\n    echo \"error: The sandbox is not in sync with the Podfile.lock. Run 'pod install' or update your CocoaPods installation.\" >&2\n    exit 1\nfi\n";
			showEnvVarsInLog = 0;
		};
/* End PBXShellScriptBuildPhase section */

/* Begin PBXSourcesBuildPhase section */
		B549518B1E114CE300DE0F6B /* Sources */ = {
			isa = PBXSourcesBuildPhase;
			buildActionMask = 2147483647;
			files = (
				B58021931E12608C0048EEC1 /* UIView+GVExtension.m in Sources */,
				987234361E1259AF004A4448 /* IMSuperTableV.m in Sources */,
				B58021DF1E126C860048EEC1 /* ResetView.m in Sources */,
				B58021911E12608C0048EEC1 /* GVColor.m in Sources */,
				B5F19E8C1E12A02B00CE2910 /* GVTableViewCell.m in Sources */,
				987234331E1259AF004A4448 /* IMDeliveryViewController.m in Sources */,
				987234421E1259AF004A4448 /* IMOrderViewController.m in Sources */,
				B58021921E12608C0048EEC1 /* NetworkRequest.m in Sources */,
				987234411E1259AF004A4448 /* IMTabBarVC.m in Sources */,
				987234431E1259AF004A4448 /* AppDelegate.m in Sources */,
				987234371E1259AF004A4448 /* IMMyViewController.m in Sources */,
				B58021D91E126C860048EEC1 /* GVFindPasswordViewController.m in Sources */,
				B58021DC1E126C860048EEC1 /* GVTel.m in Sources */,
				B58021E01E126C860048EEC1 /* ResetViewController.m in Sources */,
				B58021DA1E126C860048EEC1 /* GVMineChoiceBar.m in Sources */,
				B58021901E12608C0048EEC1 /* GVAL.m in Sources */,
				987234341E1259AF004A4448 /* IMFirstRunViewController.m in Sources */,
				B58021DD1E126C860048EEC1 /* ViewController.m in Sources */,
				B54951941E114CE300DE0F6B /* main.m in Sources */,
				987234351E1259AF004A4448 /* IMHomeSuperViewController.m in Sources */,
				987234381E1259AF004A4448 /* IMNavigationVC.m in Sources */,
				B58021D81E126C860048EEC1 /* GVFindPasswordView.m in Sources */,
				987234A51E126F5C004A4448 /* IMTopV.m in Sources */,
				B58021DB1E126C860048EEC1 /* GVPass.m in Sources */,
			);
			runOnlyForDeploymentPostprocessing = 0;
		};
		B54951A41E114CE300DE0F6B /* Sources */ = {
			isa = PBXSourcesBuildPhase;
			buildActionMask = 2147483647;
			files = (
				B54951AD1E114CE300DE0F6B /* GVDBTests.m in Sources */,
			);
			runOnlyForDeploymentPostprocessing = 0;
		};
		B54951AF1E114CE300DE0F6B /* Sources */ = {
			isa = PBXSourcesBuildPhase;
			buildActionMask = 2147483647;
			files = (
				B54951B81E114CE300DE0F6B /* GVDBUITests.m in Sources */,
			);
			runOnlyForDeploymentPostprocessing = 0;
		};
/* End PBXSourcesBuildPhase section */

/* Begin PBXTargetDependency section */
		B54951AA1E114CE300DE0F6B /* PBXTargetDependency */ = {
			isa = PBXTargetDependency;
			target = B549518E1E114CE300DE0F6B /* GVDB */;
			targetProxy = B54951A91E114CE300DE0F6B /* PBXContainerItemProxy */;
		};
		B54951B51E114CE300DE0F6B /* PBXTargetDependency */ = {
			isa = PBXTargetDependency;
			target = B549518E1E114CE300DE0F6B /* GVDB */;
			targetProxy = B54951B41E114CE300DE0F6B /* PBXContainerItemProxy */;
		};
/* End PBXTargetDependency section */

/* Begin PBXVariantGroup section */
		B549519B1E114CE300DE0F6B /* Main.storyboard */ = {
			isa = PBXVariantGroup;
			children = (
				B549519C1E114CE300DE0F6B /* Base */,
			);
			name = Main.storyboard;
			sourceTree = "<group>";
		};
		B54951A01E114CE300DE0F6B /* LaunchScreen.storyboard */ = {
			isa = PBXVariantGroup;
			children = (
				B54951A11E114CE300DE0F6B /* Base */,
			);
			name = LaunchScreen.storyboard;
			sourceTree = "<group>";
		};
/* End PBXVariantGroup section */

/* Begin XCBuildConfiguration section */
		B54951BA1E114CE300DE0F6B /* Debug */ = {
			isa = XCBuildConfiguration;
			buildSettings = {
				ALWAYS_SEARCH_USER_PATHS = NO;
				CLANG_ANALYZER_NONNULL = YES;
				CLANG_CXX_LANGUAGE_STANDARD = "gnu++0x";
				CLANG_CXX_LIBRARY = "libc++";
				CLANG_ENABLE_MODULES = YES;
				CLANG_ENABLE_OBJC_ARC = YES;
				CLANG_WARN_BOOL_CONVERSION = YES;
				CLANG_WARN_CONSTANT_CONVERSION = YES;
				CLANG_WARN_DIRECT_OBJC_ISA_USAGE = YES_ERROR;
				CLANG_WARN_DOCUMENTATION_COMMENTS = YES;
				CLANG_WARN_EMPTY_BODY = YES;
				CLANG_WARN_ENUM_CONVERSION = YES;
				CLANG_WARN_INFINITE_RECURSION = YES;
				CLANG_WARN_INT_CONVERSION = YES;
				CLANG_WARN_OBJC_ROOT_CLASS = YES_ERROR;
				CLANG_WARN_SUSPICIOUS_MOVE = YES;
				CLANG_WARN_UNREACHABLE_CODE = YES;
				CLANG_WARN__DUPLICATE_METHOD_MATCH = YES;
				"CODE_SIGN_IDENTITY[sdk=iphoneos*]" = "iPhone Developer";
				COPY_PHASE_STRIP = NO;
				DEBUG_INFORMATION_FORMAT = dwarf;
				ENABLE_STRICT_OBJC_MSGSEND = YES;
				ENABLE_TESTABILITY = YES;
				GCC_C_LANGUAGE_STANDARD = gnu99;
				GCC_DYNAMIC_NO_PIC = NO;
				GCC_NO_COMMON_BLOCKS = YES;
				GCC_OPTIMIZATION_LEVEL = 0;
				GCC_PREPROCESSOR_DEFINITIONS = (
					"DEBUG=1",
					"$(inherited)",
				);
				GCC_WARN_64_TO_32_BIT_CONVERSION = YES;
				GCC_WARN_ABOUT_RETURN_TYPE = YES_ERROR;
				GCC_WARN_UNDECLARED_SELECTOR = YES;
				GCC_WARN_UNINITIALIZED_AUTOS = YES_AGGRESSIVE;
				GCC_WARN_UNUSED_FUNCTION = YES;
				GCC_WARN_UNUSED_VARIABLE = YES;
				IPHONEOS_DEPLOYMENT_TARGET = 8.0;
				MTL_ENABLE_DEBUG_INFO = YES;
				ONLY_ACTIVE_ARCH = YES;
				SDKROOT = iphoneos;
			};
			name = Debug;
		};
		B54951BB1E114CE300DE0F6B /* Release */ = {
			isa = XCBuildConfiguration;
			buildSettings = {
				ALWAYS_SEARCH_USER_PATHS = NO;
				CLANG_ANALYZER_NONNULL = YES;
				CLANG_CXX_LANGUAGE_STANDARD = "gnu++0x";
				CLANG_CXX_LIBRARY = "libc++";
				CLANG_ENABLE_MODULES = YES;
				CLANG_ENABLE_OBJC_ARC = YES;
				CLANG_WARN_BOOL_CONVERSION = YES;
				CLANG_WARN_CONSTANT_CONVERSION = YES;
				CLANG_WARN_DIRECT_OBJC_ISA_USAGE = YES_ERROR;
				CLANG_WARN_DOCUMENTATION_COMMENTS = YES;
				CLANG_WARN_EMPTY_BODY = YES;
				CLANG_WARN_ENUM_CONVERSION = YES;
				CLANG_WARN_INFINITE_RECURSION = YES;
				CLANG_WARN_INT_CONVERSION = YES;
				CLANG_WARN_OBJC_ROOT_CLASS = YES_ERROR;
				CLANG_WARN_SUSPICIOUS_MOVE = YES;
				CLANG_WARN_UNREACHABLE_CODE = YES;
				CLANG_WARN__DUPLICATE_METHOD_MATCH = YES;
				"CODE_SIGN_IDENTITY[sdk=iphoneos*]" = "iPhone Developer";
				COPY_PHASE_STRIP = NO;
				DEBUG_INFORMATION_FORMAT = "dwarf-with-dsym";
				ENABLE_NS_ASSERTIONS = NO;
				ENABLE_STRICT_OBJC_MSGSEND = YES;
				GCC_C_LANGUAGE_STANDARD = gnu99;
				GCC_NO_COMMON_BLOCKS = YES;
				GCC_WARN_64_TO_32_BIT_CONVERSION = YES;
				GCC_WARN_ABOUT_RETURN_TYPE = YES_ERROR;
				GCC_WARN_UNDECLARED_SELECTOR = YES;
				GCC_WARN_UNINITIALIZED_AUTOS = YES_AGGRESSIVE;
				GCC_WARN_UNUSED_FUNCTION = YES;
				GCC_WARN_UNUSED_VARIABLE = YES;
				IPHONEOS_DEPLOYMENT_TARGET = 8.0;
				MTL_ENABLE_DEBUG_INFO = NO;
				SDKROOT = iphoneos;
				VALIDATE_PRODUCT = YES;
			};
			name = Release;
		};
		B54951BD1E114CE300DE0F6B /* Debug */ = {
			isa = XCBuildConfiguration;
			baseConfigurationReference = 49DF9B3C66120515D61075F4 /* Pods-GVDB.debug.xcconfig */;
			buildSettings = {
				ASSETCATALOG_COMPILER_APPICON_NAME = AppIcon;
				DEVELOPMENT_TEAM = J396HKG633;
				GCC_PRECOMPILE_PREFIX_HEADER = YES;
				GCC_PREFIX_HEADER = "GVDB/Main/宏/PrefixHeader.pch";
				INFOPLIST_FILE = GVDB/Info.plist;
				IPHONEOS_DEPLOYMENT_TARGET = 8.0;
				LD_RUNPATH_SEARCH_PATHS = "$(inherited) @executable_path/Frameworks";
				PRODUCT_BUNDLE_IDENTIFIER = wim.Viosky.GVDB;
				PRODUCT_NAME = "$(TARGET_NAME)";
			};
			name = Debug;
		};
		B54951BE1E114CE300DE0F6B /* Release */ = {
			isa = XCBuildConfiguration;
			baseConfigurationReference = 8CF8A7864D89C2CF0348510B /* Pods-GVDB.release.xcconfig */;
			buildSettings = {
				ASSETCATALOG_COMPILER_APPICON_NAME = AppIcon;
				DEVELOPMENT_TEAM = J396HKG633;
				GCC_PRECOMPILE_PREFIX_HEADER = YES;
				GCC_PREFIX_HEADER = "GVDB/Main/宏/PrefixHeader.pch";
				INFOPLIST_FILE = GVDB/Info.plist;
				IPHONEOS_DEPLOYMENT_TARGET = 8.0;
				LD_RUNPATH_SEARCH_PATHS = "$(inherited) @executable_path/Frameworks";
				PRODUCT_BUNDLE_IDENTIFIER = wim.Viosky.GVDB;
				PRODUCT_NAME = "$(TARGET_NAME)";
			};
			name = Release;
		};
		B54951C01E114CE300DE0F6B /* Debug */ = {
			isa = XCBuildConfiguration;
			baseConfigurationReference = 026C589B03BA9B5607076783 /* Pods-GVDBTests.debug.xcconfig */;
			buildSettings = {
				BUNDLE_LOADER = "$(TEST_HOST)";
				DEVELOPMENT_TEAM = J396HKG633;
				INFOPLIST_FILE = GVDBTests/Info.plist;
				LD_RUNPATH_SEARCH_PATHS = "$(inherited) @executable_path/Frameworks @loader_path/Frameworks";
				PRODUCT_BUNDLE_IDENTIFIER = wim.Viosky.GVDBTests;
				PRODUCT_NAME = "$(TARGET_NAME)";
				TEST_HOST = "$(BUILT_PRODUCTS_DIR)/GVDB.app/GVDB";
			};
			name = Debug;
		};
		B54951C11E114CE300DE0F6B /* Release */ = {
			isa = XCBuildConfiguration;
			baseConfigurationReference = 527AE96236CED8D501777820 /* Pods-GVDBTests.release.xcconfig */;
			buildSettings = {
				BUNDLE_LOADER = "$(TEST_HOST)";
				DEVELOPMENT_TEAM = J396HKG633;
				INFOPLIST_FILE = GVDBTests/Info.plist;
				LD_RUNPATH_SEARCH_PATHS = "$(inherited) @executable_path/Frameworks @loader_path/Frameworks";
				PRODUCT_BUNDLE_IDENTIFIER = wim.Viosky.GVDBTests;
				PRODUCT_NAME = "$(TARGET_NAME)";
				TEST_HOST = "$(BUILT_PRODUCTS_DIR)/GVDB.app/GVDB";
			};
			name = Release;
		};
		B54951C31E114CE300DE0F6B /* Debug */ = {
			isa = XCBuildConfiguration;
			baseConfigurationReference = D61814A8F4B98191D8F9593E /* Pods-GVDBUITests.debug.xcconfig */;
			buildSettings = {
				DEVELOPMENT_TEAM = J396HKG633;
				INFOPLIST_FILE = GVDBUITests/Info.plist;
				LD_RUNPATH_SEARCH_PATHS = "$(inherited) @executable_path/Frameworks @loader_path/Frameworks";
				PRODUCT_BUNDLE_IDENTIFIER = wim.Viosky.GVDBUITests;
				PRODUCT_NAME = "$(TARGET_NAME)";
				TEST_TARGET_NAME = GVDB;
			};
			name = Debug;
		};
		B54951C41E114CE300DE0F6B /* Release */ = {
			isa = XCBuildConfiguration;
			baseConfigurationReference = 27E02A5C3583EF83802C70DC /* Pods-GVDBUITests.release.xcconfig */;
			buildSettings = {
				DEVELOPMENT_TEAM = J396HKG633;
				INFOPLIST_FILE = GVDBUITests/Info.plist;
				LD_RUNPATH_SEARCH_PATHS = "$(inherited) @executable_path/Frameworks @loader_path/Frameworks";
				PRODUCT_BUNDLE_IDENTIFIER = wim.Viosky.GVDBUITests;
				PRODUCT_NAME = "$(TARGET_NAME)";
				TEST_TARGET_NAME = GVDB;
			};
			name = Release;
		};
/* End XCBuildConfiguration section */

/* Begin XCConfigurationList section */
		B549518A1E114CE300DE0F6B /* Build configuration list for PBXProject "GVDB" */ = {
			isa = XCConfigurationList;
			buildConfigurations = (
				B54951BA1E114CE300DE0F6B /* Debug */,
				B54951BB1E114CE300DE0F6B /* Release */,
			);
			defaultConfigurationIsVisible = 0;
			defaultConfigurationName = Release;
		};
		B54951BC1E114CE300DE0F6B /* Build configuration list for PBXNativeTarget "GVDB" */ = {
			isa = XCConfigurationList;
			buildConfigurations = (
				B54951BD1E114CE300DE0F6B /* Debug */,
				B54951BE1E114CE300DE0F6B /* Release */,
			);
			defaultConfigurationIsVisible = 0;
			defaultConfigurationName = Release;
		};
		B54951BF1E114CE300DE0F6B /* Build configuration list for PBXNativeTarget "GVDBTests" */ = {
			isa = XCConfigurationList;
			buildConfigurations = (
				B54951C01E114CE300DE0F6B /* Debug */,
				B54951C11E114CE300DE0F6B /* Release */,
			);
			defaultConfigurationIsVisible = 0;
			defaultConfigurationName = Release;
		};
		B54951C21E114CE300DE0F6B /* Build configuration list for PBXNativeTarget "GVDBUITests" */ = {
			isa = XCConfigurationList;
			buildConfigurations = (
				B54951C31E114CE300DE0F6B /* Debug */,
				B54951C41E114CE300DE0F6B /* Release */,
			);
			defaultConfigurationIsVisible = 0;
			defaultConfigurationName = Release;
		};
/* End XCConfigurationList section */
	};
	rootObject = B54951871E114CE300DE0F6B /* Project object */;
}
